{
    "_readme": [
        "This file locks the dependencies of your project to a known state",
        "Read more about it at https://getcomposer.org/doc/01-basic-usage.md#installing-dependencies",
        "This file is @generated automatically"
    ],
    "content-hash": "aef76e06e53e39d0505b7135c8eceebd",
    "packages": [
        {
            "name": "minicli/minicli",
            "version": "3.2.1",
            "source": {
                "type": "git",
                "url": "https://github.com/minicli/minicli.git",
                "reference": "2d31b303461d0ec1f8c6d0be00f8b26be8766fbe"
            },
            "dist": {
                "type": "zip",
                "url": "https://api.github.com/repos/minicli/minicli/zipball/2d31b303461d0ec1f8c6d0be00f8b26be8766fbe",
                "reference": "2d31b303461d0ec1f8c6d0be00f8b26be8766fbe",
                "shasum": ""
            },
            "require": {
                "ext-readline": "*",
                "php": ">=8"
            },
            "require-dev": {
                "friendsofphp/php-cs-fixer": "^3.5",
                "pestphp/pest": "^1.0",
                "phpunit/phpunit": "^9.0"
            },
            "type": "library",
            "autoload": {
                "psr-4": {
                    "Minicli\\": "src/"
                }
            },
            "notification-url": "https://packagist.org/downloads/",
            "license": [
                "MIT"
            ],
            "description": "Experimental micro CLI framework for PHP",
            "homepage": "https://github.com/minicli/minicli",
            "keywords": [
                "cli",
                "command-line"
            ],
            "support": {
                "issues": "https://github.com/minicli/minicli/issues",
                "source": "https://github.com/minicli/minicli/tree/3.2.1"
            },
            "funding": [
                {
                    "url": "https://github.com/erikaheidi",
                    "type": "github"
                }
            ],
            "time": "2022-09-23T09:04:22+00:00"
        },
        {
            "name": "minicli/stencil",
            "version": "0.1.1",
            "source": {
                "type": "git",
                "url": "https://github.com/minicli/stencil.git",
                "reference": "a328319f68229007b65d286ae2bd77cf2b7b9dca"
            },
            "dist": {
                "type": "zip",
                "url": "https://api.github.com/repos/minicli/stencil/zipball/a328319f68229007b65d286ae2bd77cf2b7b9dca",
                "reference": "a328319f68229007b65d286ae2bd77cf2b7b9dca",
                "shasum": ""
            },
            "require": {
                "php": ">=8"
            },
            "require-dev": {
                "friendsofphp/php-cs-fixer": "^3.5",
                "pestphp/pest": "^1.0",
                "phpunit/phpunit": "^9.0"
            },
            "type": "library",
            "autoload": {
                "psr-4": {
                    "Minicli\\": "src/"
                }
            },
            "notification-url": "https://packagist.org/downloads/",
            "license": [
                "MIT"
            ],
            "description": "Dummy template generator",
            "homepage": "https://github.com/minicli/stencil",
            "keywords": [
                "minicli",
                "template"
            ],
            "support": {
                "issues": "https://github.com/minicli/stencil/issues",
                "source": "https://github.com/minicli/stencil/tree/0.1.1"
            },
            "time": "2022-06-21T08:51:47+00:00"
        }
    ],
    "packages-dev": [],
    "aliases": [],
    "minimum-stability": "stable",
    "stability-flags": [],
    "prefer-stable": false,
    "prefer-lowest": false,
    "platform": [],
    "platform-dev": [],
    "plugin-api-version": "2.3.0"
}
